
Microsoft Visual Studio Solution File, Format Version 12.00
# Visual Studio Version 17
VisualStudioVersion = 17.9.34723.18
MinimumVisualStudioVersion = 10.0.40219.1
Project("{8BC9CEB8-8B4A-11D0-8D11-00A0C91BC942}") = "Laba 4.3", "Laba 4.3\Laba 4.3.vcxproj", "{6C6D6277-C32B-4B99-B63E-97B5EE304B96}"
EndProject
Global
	GlobalSection(SolutionConfigurationPlatforms) = preSolution
		Debug|x64 = Debug|x64
		Debug|x86 = Debug|x86
		Release|x64 = Release|x64
		Release|x86 = Release|x86
	EndGlobalSection
	GlobalSection(ProjectConfigurationPlatforms) = postSolution
		{6C6D6277-C32B-4B99-B63E-97B5EE304B96}.Debug|x64.ActiveCfg = Debug|x64
		{6C6D6277-C32B-4B99-B63E-97B5EE304B96}.Debug|x64.Build.0 = Debug|x64
		{6C6D6277-C32B-4B99-B63E-97B5EE304B96}.Debug|x86.ActiveCfg = Debug|Win32
		{6C6D6277-C32B-4B99-B63E-97B5EE304B96}.Debug|x86.Build.0 = Debug|Win32
		{6C6D6277-C32B-4B99-B63E-97B5EE304B96}.Release|x64.ActiveCfg = Release|x64
		{6C6D6277-C32B-4B99-B63E-97B5EE304B96}.Release|x64.Build.0 = Release|x64
		{6C6D6277-C32B-4B99-B63E-97B5EE304B96}.Release|x86.ActiveCfg = Release|Win32
		{6C6D6277-C32B-4B99-B63E-97B5EE304B96}.Release|x86.Build.0 = Release|Win32
	EndGlobalSection
	GlobalSection(SolutionProperties) = preSolution
		HideSolutionNode = FALSE
	EndGlobalSection
	GlobalSection(ExtensibilityGlobals) = postSolution
		SolutionGuid = {76C02938-AF63-4208-ADCB-BEBE98DCCD97}
	EndGlobalSection
EndGlobal
